// !$*UTF8*$!
{
	archiveVersion = 1;
	classes = {
	};
	objectVersion = 55;
	objects = {

/* Begin PBXBuildFile section */
		157E452C2810EF66000E4199 /* RestaurantModel.swift in Sources */ = {isa = PBXBuildFile; fileRef = 157E452B2810EF66000E4199 /* RestaurantModel.swift */; };
		157E452E2810F009000E4199 /* RestaurantViewModel.swift in Sources */ = {isa = PBXBuildFile; fileRef = 157E452D2810F009000E4199 /* RestaurantViewModel.swift */; };
		157E45302810F080000E4199 /* AddRestaurantView.swift in Sources */ = {isa = PBXBuildFile; fileRef = 157E452F2810F080000E4199 /* AddRestaurantView.swift */; };
		157E45322810F0B9000E4199 /* EditRestaturantView.swift in Sources */ = {isa = PBXBuildFile; fileRef = 157E45312810F0B9000E4199 /* EditRestaturantView.swift */; };
		9CBD0F412810E60000DE3696 /* FinalGroupProjectApp.swift in Sources */ = {isa = PBXBuildFile; fileRef = 9CBD0F402810E60000DE3696 /* FinalGroupProjectApp.swift */; };
		9CBD0F432810E60000DE3696 /* ContentView.swift in Sources */ = {isa = PBXBuildFile; fileRef = 9CBD0F422810E60000DE3696 /* ContentView.swift */; };
		9CBD0F452810E60200DE3696 /* Assets.xcassets in Resources */ = {isa = PBXBuildFile; fileRef = 9CBD0F442810E60200DE3696 /* Assets.xcassets */; };
		9CBD0F482810E60200DE3696 /* Preview Assets.xcassets in Resources */ = {isa = PBXBuildFile; fileRef = 9CBD0F472810E60200DE3696 /* Preview Assets.xcassets */; };
/* End PBXBuildFile section */

/* Begin PBXFileReference section */
		157E452B2810EF66000E4199 /* RestaurantModel.swift */ = {isa = PBXFileReference; lastKnownFileType = sourcecode.swift; path = RestaurantModel.swift; sourceTree = "<group>"; };
		157E452D2810F009000E4199 /* RestaurantViewModel.swift */ = {isa = PBXFileReference; lastKnownFileType = sourcecode.swift; name = RestaurantViewModel.swift; path = FinalGroupProject/Views/RestaurantViewModel.swift; sourceTree = SOURCE_ROOT; };
		157E452F2810F080000E4199 /* AddRestaurantView.swift */ = {isa = PBXFileReference; lastKnownFileType = sourcecode.swift; name = AddRestaurantView.swift; path = FinalGroupProject/Views/AddRestaurantView.swift; sourceTree = SOURCE_ROOT; };
		157E45312810F0B9000E4199 /* EditRestaturantView.swift */ = {isa = PBXFileReference; lastKnownFileType = sourcecode.swift; name = EditRestaturantView.swift; path = FinalGroupProject/Views/EditRestaturantView.swift; sourceTree = SOURCE_ROOT; };
		9CBD0F3D2810E60000DE3696 /* FinalGroupProject.app */ = {isa = PBXFileReference; explicitFileType = wrapper.application; includeInIndex = 0; path = FinalGroupProject.app; sourceTree = BUILT_PRODUCTS_DIR; };
		9CBD0F402810E60000DE3696 /* FinalGroupProjectApp.swift */ = {isa = PBXFileReference; lastKnownFileType = sourcecode.swift; path = FinalGroupProjectApp.swift; sourceTree = "<group>"; };
		9CBD0F422810E60000DE3696 /* ContentView.swift */ = {isa = PBXFileReference; lastKnownFileType = sourcecode.swift; path = ContentView.swift; sourceTree = "<group>"; };
		9CBD0F442810E60200DE3696 /* Assets.xcassets */ = {isa = PBXFileReference; lastKnownFileType = folder.assetcatalog; path = Assets.xcassets; sourceTree = "<group>"; };
		9CBD0F472810E60200DE3696 /* Preview Assets.xcassets */ = {isa = PBXFileReference; lastKnownFileType = folder.assetcatalog; path = "Preview Assets.xcassets"; sourceTree = "<group>"; };
/* End PBXFileReference section */

/* Begin PBXFrameworksBuildPhase section */
		9CBD0F3A2810E60000DE3696 /* Frameworks */ = {
			isa = PBXFrameworksBuildPhase;
			buildActionMask = 2147483647;
			files = (
			);
			runOnlyForDeploymentPostprocessing = 0;
		};
/* End PBXFrameworksBuildPhase section */

/* Begin PBXGroup section */
		9CBD0F342810E60000DE3696 = {
			isa = PBXGroup;
			children = (
				9CBD0F3F2810E60000DE3696 /* FinalGroupProject */,
				9CBD0F3E2810E60000DE3696 /* Products */,
			);
			sourceTree = "<group>";
		};
		9CBD0F3E2810E60000DE3696 /* Products */ = {
			isa = PBXGroup;
			children = (
				9CBD0F3D2810E60000DE3696 /* FinalGroupProject.app */,
			);
			name = Products;
			sourceTree = "<group>";
		};
		9CBD0F3F2810E60000DE3696 /* FinalGroupProject */ = {
			isa = PBXGroup;
			children = (
				9CBD0F502810E64800DE3696 /* Views */,
				9CBD0F4F2810E63C00DE3696 /* ViewModels */,
				9CBD0F4E2810E63300DE3696 /* Models */,
				9CBD0F402810E60000DE3696 /* FinalGroupProjectApp.swift */,
				9CBD0F442810E60200DE3696 /* Assets.xcassets */,
				9CBD0F462810E60200DE3696 /* Preview Content */,
			);
			path = FinalGroupProject;
			sourceTree = "<group>";
		};
		9CBD0F462810E60200DE3696 /* Preview Content */ = {
			isa = PBXGroup;
			children = (
				9CBD0F472810E60200DE3696 /* Preview Assets.xcassets */,
			);
			path = "Preview Content";
			sourceTree = "<group>";
		};
		9CBD0F4E2810E63300DE3696 /* Models */ = {
			isa = PBXGroup;
			children = (
				157E452B2810EF66000E4199 /* RestaurantModel.swift */,
			);
			path = Models;
			sourceTree = "<group>";
		};
		9CBD0F4F2810E63C00DE3696 /* ViewModels */ = {
			isa = PBXGroup;
			children = (
				157E452D2810F009000E4199 /* RestaurantViewModel.swift */,
			);
			path = ViewModels;
			sourceTree = "<group>";
		};
		9CBD0F502810E64800DE3696 /* Views */ = {
			isa = PBXGroup;
			children = (
				9CBD0F542810E67400DE3696 /* Main */,
				9CBD0F532810E66E00DE3696 /* Detail */,
				9CBD0F512810E65A00DE3696 /* Components */,
			);
			path = Views;
			sourceTree = "<group>";
		};
		9CBD0F512810E65A00DE3696 /* Components */ = {
			isa = PBXGroup;
			children = (
			);
			path = Components;
			sourceTree = "<group>";
		};
		9CBD0F532810E66E00DE3696 /* Detail */ = {
			isa = PBXGroup;
			children = (
				157E452F2810F080000E4199 /* AddRestaurantView.swift */,
				157E45312810F0B9000E4199 /* EditRestaturantView.swift */,
			);
			path = Detail;
			sourceTree = "<group>";
		};
		9CBD0F542810E67400DE3696 /* Main */ = {
			isa = PBXGroup;
			children = (
				9CBD0F422810E60000DE3696 /* ContentView.swift */,
			);
			path = Main;
			sourceTree = "<group>";
		};
/* End PBXGroup section */

/* Begin PBXNativeTarget section */
		9CBD0F3C2810E60000DE3696 /* FinalGroupProject */ = {
			isa = PBXNativeTarget;
			buildConfigurationList = 9CBD0F4B2810E60200DE3696 /* Build configuration list for PBXNativeTarget "FinalGroupProject" */;
			buildPhases = (
				9CBD0F392810E60000DE3696 /* Sources */,
				9CBD0F3A2810E60000DE3696 /* Frameworks */,
				9CBD0F3B2810E60000DE3696 /* Resources */,
			);
			buildRules = (
			);
			dependencies = (
			);
			name = FinalGroupProject;
			productName = FinalGroupProject;
			productReference = 9CBD0F3D2810E60000DE3696 /* FinalGroupProject.app */;
			productType = "com.apple.product-type.application";
		};
/* End PBXNativeTarget section */

/* Begin PBXProject section */
		9CBD0F352810E60000DE3696 /* Project object */ = {
			isa = PBXProject;
			attributes = {
				BuildIndependentTargetsInParallel = 1;
				LastSwiftUpdateCheck = 1320;
				LastUpgradeCheck = 1320;
				TargetAttributes = {
					9CBD0F3C2810E60000DE3696 = {
						CreatedOnToolsVersion = 13.2.1;
					};
				};
			};
			buildConfigurationList = 9CBD0F382810E60000DE3696 /* Build configuration list for PBXProject "FinalGroupProject" */;
			compatibilityVersion = "Xcode 13.0";
			developmentRegion = en;
			hasScannedForEncodings = 0;
			knownRegions = (
				en,
				Base,
			);
			mainGroup = 9CBD0F342810E60000DE3696;
			productRefGroup = 9CBD0F3E2810E60000DE3696 /* Products */;
			projectDirPath = "";
			projectRoot = "";
			targets = (
				9CBD0F3C2810E60000DE3696 /* FinalGroupProject */,
			);
		};
/* End PBXProject section */

/* Begin PBXResourcesBuildPhase section */
		9CBD0F3B2810E60000DE3696 /* Resources */ = {
			isa = PBXResourcesBuildPhase;
			buildActionMask = 2147483647;
			files = (
				9CBD0F482810E60200DE3696 /* Preview Assets.xcassets in Resources */,
				9CBD0F452810E60200DE3696 /* Assets.xcassets in Resources */,
			);
			runOnlyForDeploymentPostprocessing = 0;
		};
/* End PBXResourcesBuildPhase section */

/* Begin PBXSourcesBuildPhase section */
		9CBD0F392810E60000DE3696 /* Sources */ = {
			isa = PBXSourcesBuildPhase;
			buildActionMask = 2147483647;
			files = (
				9CBD0F432810E60000DE3696 /* ContentView.swift in Sources */,
				157E452E2810F009000E4199 /* RestaurantViewModel.swift in Sources */,
				157E45322810F0B9000E4199 /* EditRestaturantView.swift in Sources */,
				157E452C2810EF66000E4199 /* RestaurantModel.swift in Sources */,
				157E45302810F080000E4199 /* AddRestaurantView.swift in Sources */,
				9CBD0F412810E60000DE3696 /* FinalGroupProjectApp.swift in Sources */,
			);
			runOnlyForDeploymentPostprocessing = 0;
		};
/* End PBXSourcesBuildPhase section */

/* Begin XCBuildConfiguration section */
		9CBD0F492810E60200DE3696 /* Debug */ = {
			isa = XCBuildConfiguration;
			buildSettings = {
				ALWAYS_SEARCH_USER_PATHS = NO;
				CLANG_ANALYZER_NONNULL = YES;
				CLANG_ANALYZER_NUMBER_OBJECT_CONVERSION = YES_AGGRESSIVE;
				CLANG_CXX_LANGUAGE_STANDARD = "gnu++17";
				CLANG_CXX_LIBRARY = "libc++";
				CLANG_ENABLE_MODULES = YES;
				CLANG_ENABLE_OBJC_ARC = YES;
				CLANG_ENABLE_OBJC_WEAK = YES;
				CLANG_WARN_BLOCK_CAPTURE_AUTORELEASING = YES;
				CLANG_WARN_BOOL_CONVERSION = YES;
				CLANG_WARN_COMMA = YES;
				CLANG_WARN_CONSTANT_CONVERSION = YES;
				CLANG_WARN_DEPRECATED_OBJC_IMPLEMENTATIONS = YES;
				CLANG_WARN_DIRECT_OBJC_ISA_USAGE = YES_ERROR;
				CLANG_WARN_DOCUMENTATION_COMMENTS = YES;
				CLANG_WARN_EMPTY_BODY = YES;
				CLANG_WARN_ENUM_CONVERSION = YES;
				CLANG_WARN_INFINITE_RECURSION = YES;
				CLANG_WARN_INT_CONVERSION = YES;
				CLANG_WARN_NON_LITERAL_NULL_CONVERSION = YES;
				CLANG_WARN_OBJC_IMPLICIT_RETAIN_SELF = YES;
				CLANG_WARN_OBJC_LITERAL_CONVERSION = YES;
				CLANG_WARN_OBJC_ROOT_CLASS = YES_ERROR;
				CLANG_WARN_QUOTED_INCLUDE_IN_FRAMEWORK_HEADER = YES;
				CLANG_WARN_RANGE_LOOP_ANALYSIS = YES;
				CLANG_WARN_STRICT_PROTOTYPES = YES;
				CLANG_WARN_SUSPICIOUS_MOVE = YES;
				CLANG_WARN_UNGUARDED_AVAILABILITY = YES_AGGRESSIVE;
				CLANG_WARN_UNREACHABLE_CODE = YES;
				CLANG_WARN__DUPLICATE_METHOD_MATCH = YES;
				COPY_PHASE_STRIP = NO;
				DEBUG_INFORMATION_FORMAT = dwarf;
				ENABLE_STRICT_OBJC_MSGSEND = YES;
				ENABLE_TESTABILITY = YES;
				GCC_C_LANGUAGE_STANDARD = gnu11;
				GCC_DYNAMIC_NO_PIC = NO;
				GCC_NO_COMMON_BLOCKS = YES;
				GCC_OPTIMIZATION_LEVEL = 0;
				GCC_PREPROCESSOR_DEFINITIONS = (
					"DEBUG=1",
					"$(inherited)",
				);
				GCC_WARN_64_TO_32_BIT_CONVERSION = YES;
				GCC_WARN_ABOUT_RETURN_TYPE = YES_ERROR;
				GCC_WARN_UNDECLARED_SELECTOR = YES;
				GCC_WARN_UNINITIALIZED_AUTOS = YES_AGGRESSIVE;
				GCC_WARN_UNUSED_FUNCTION = YES;
				GCC_WARN_UNUSED_VARIABLE = YES;
				IPHONEOS_DEPLOYMENT_TARGET = 15.2;
				MTL_ENABLE_DEBUG_INFO = INCLUDE_SOURCE;
				MTL_FAST_MATH = YES;
				ONLY_ACTIVE_ARCH = YES;
				SDKROOT = iphoneos;
				SWIFT_ACTIVE_COMPILATION_CONDITIONS = DEBUG;
				SWIFT_OPTIMIZATION_LEVEL = "-Onone";
			};
			name = Debug;
		};
		9CBD0F4A2810E60200DE3696 /* Release */ = {
			isa = XCBuildConfiguration;
			buildSettings = {
				ALWAYS_SEARCH_USER_PATHS = NO;
				CLANG_ANALYZER_NONNULL = YES;
				CLANG_ANALYZER_NUMBER_OBJECT_CONVERSION = YES_AGGRESSIVE;
				CLANG_CXX_LANGUAGE_STANDARD = "gnu++17";
				CLANG_CXX_LIBRARY = "libc++";
				CLANG_ENABLE_MODULES = YES;
				CLANG_ENABLE_OBJC_ARC = YES;
				CLANG_ENABLE_OBJC_WEAK = YES;
				CLANG_WARN_BLOCK_CAPTURE_AUTORELEASING = YES;
				CLANG_WARN_BOOL_CONVERSION = YES;
				CLANG_WARN_COMMA = YES;
				CLANG_WARN_CONSTANT_CONVERSION = YES;
				CLANG_WARN_DEPRECATED_OBJC_IMPLEMENTATIONS = YES;
				CLANG_WARN_DIRECT_OBJC_ISA_USAGE = YES_ERROR;
				CLANG_WARN_DOCUMENTATION_COMMENTS = YES;
				CLANG_WARN_EMPTY_BODY = YES;
				CLANG_WARN_ENUM_CONVERSION = YES;
				CLANG_WARN_INFINITE_RECURSION = YES;
				CLANG_WARN_INT_CONVERSION = YES;
				CLANG_WARN_NON_LITERAL_NULL_CONVERSION = YES;
				CLANG_WARN_OBJC_IMPLICIT_RETAIN_SELF = YES;
				CLANG_WARN_OBJC_LITERAL_CONVERSION = YES;
				CLANG_WARN_OBJC_ROOT_CLASS = YES_ERROR;
				CLANG_WARN_QUOTED_INCLUDE_IN_FRAMEWORK_HEADER = YES;
				CLANG_WARN_RANGE_LOOP_ANALYSIS = YES;
				CLANG_WARN_STRICT_PROTOTYPES = YES;
				CLANG_WARN_SUSPICIOUS_MOVE = YES;
				CLANG_WARN_UNGUARDED_AVAILABILITY = YES_AGGRESSIVE;
				CLANG_WARN_UNREACHABLE_CODE = YES;
				CLANG_WARN__DUPLICATE_METHOD_MATCH = YES;
				COPY_PHASE_STRIP = NO;
				DEBUG_INFORMATION_FORMAT = "dwarf-with-dsym";
				ENABLE_NS_ASSERTIONS = NO;
				ENABLE_STRICT_OBJC_MSGSEND = YES;
				GCC_C_LANGUAGE_STANDARD = gnu11;
				GCC_NO_COMMON_BLOCKS = YES;
				GCC_WARN_64_TO_32_BIT_CONVERSION = YES;
				GCC_WARN_ABOUT_RETURN_TYPE = YES_ERROR;
				GCC_WARN_UNDECLARED_SELECTOR = YES;
				GCC_WARN_UNINITIALIZED_AUTOS = YES_AGGRESSIVE;
				GCC_WARN_UNUSED_FUNCTION = YES;
				GCC_WARN_UNUSED_VARIABLE = YES;
				IPHONEOS_DEPLOYMENT_TARGET = 15.2;
				MTL_ENABLE_DEBUG_INFO = NO;
				MTL_FAST_MATH = YES;
				SDKROOT = iphoneos;
				SWIFT_COMPILATION_MODE = wholemodule;
				SWIFT_OPTIMIZATION_LEVEL = "-O";
				VALIDATE_PRODUCT = YES;
			};
			name = Release;
		};
		9CBD0F4C2810E60200DE3696 /* Debug */ = {
			isa = XCBuildConfiguration;
			buildSettings = {
				ASSETCATALOG_COMPILER_APPICON_NAME = AppIcon;
				ASSETCATALOG_COMPILER_GLOBAL_ACCENT_COLOR_NAME = AccentColor;
				CODE_SIGN_STYLE = Automatic;
				CURRENT_PROJECT_VERSION = 1;
				DEVELOPMENT_ASSET_PATHS = "\"FinalGroupProject/Preview Content\"";
				ENABLE_PREVIEWS = YES;
				GENERATE_INFOPLIST_FILE = YES;
				INFOPLIST_KEY_UIApplicationSceneManifest_Generation = YES;
				INFOPLIST_KEY_UIApplicationSupportsIndirectInputEvents = YES;
				INFOPLIST_KEY_UILaunchScreen_Generation = YES;
				INFOPLIST_KEY_UISupportedInterfaceOrientations_iPad = "UIInterfaceOrientationPortrait UIInterfaceOrientationPortraitUpsideDown UIInterfaceOrientationLandscapeLeft UIInterfaceOrientationLandscapeRight";
				INFOPLIST_KEY_UISupportedInterfaceOrientations_iPhone = "UIInterfaceOrientationPortrait UIInterfaceOrientationLandscapeLeft UIInterfaceOrientationLandscapeRight";
				LD_RUNPATH_SEARCH_PATHS = (
					"$(inherited)",
					"@executable_path/Frameworks",
				);
				MARKETING_VERSION = 1.0;
				PRODUCT_BUNDLE_IDENTIFIER = gbc.FinalGroupProject;
				PRODUCT_NAME = "$(TARGET_NAME)";
				SWIFT_EMIT_LOC_STRINGS = YES;
				SWIFT_VERSION = 5.0;
				TARGETED_DEVICE_FAMILY = "1,2";
			};
			name = Debug;
		};
		9CBD0F4D2810E60200DE3696 /* Release */ = {
			isa = XCBuildConfiguration;
			buildSettings = {
				ASSETCATALOG_COMPILER_APPICON_NAME = AppIcon;
				ASSETCATALOG_COMPILER_GLOBAL_ACCENT_COLOR_NAME = AccentColor;
				CODE_SIGN_STYLE = Automatic;
				CURRENT_PROJECT_VERSION = 1;
				DEVELOPMENT_ASSET_PATHS = "\"FinalGroupProject/Preview Content\"";
				ENABLE_PREVIEWS = YES;
				GENERATE_INFOPLIST_FILE = YES;
				INFOPLIST_KEY_UIApplicationSceneManifest_Generation = YES;
				INFOPLIST_KEY_UIApplicationSupportsIndirectInputEvents = YES;
				INFOPLIST_KEY_UILaunchScreen_Generation = YES;
				INFOPLIST_KEY_UISupportedInterfaceOrientations_iPad = "UIInterfaceOrientationPortrait UIInterfaceOrientationPortraitUpsideDown UIInterfaceOrientationLandscapeLeft UIInterfaceOrientationLandscapeRight";
				INFOPLIST_KEY_UISupportedInterfaceOrientations_iPhone = "UIInterfaceOrientationPortrait UIInterfaceOrientationLandscapeLeft UIInterfaceOrientationLandscapeRight";
				LD_RUNPATH_SEARCH_PATHS = (
					"$(inherited)",
					"@executable_path/Frameworks",
				);
				MARKETING_VERSION = 1.0;
				PRODUCT_BUNDLE_IDENTIFIER = gbc.FinalGroupProject;
				PRODUCT_NAME = "$(TARGET_NAME)";
				SWIFT_EMIT_LOC_STRINGS = YES;
				SWIFT_VERSION = 5.0;
				TARGETED_DEVICE_FAMILY = "1,2";
			};
			name = Release;
		};
/* End XCBuildConfiguration section */

/* Begin XCConfigurationList section */
		9CBD0F382810E60000DE3696 /* Build configuration list for PBXProject "FinalGroupProject" */ = {
			isa = XCConfigurationList;
			buildConfigurations = (
				9CBD0F492810E60200DE3696 /* Debug */,
				9CBD0F4A2810E60200DE3696 /* Release */,
			);
			defaultConfigurationIsVisible = 0;
			defaultConfigurationName = Release;
		};
		9CBD0F4B2810E60200DE3696 /* Build configuration list for PBXNativeTarget "FinalGroupProject" */ = {
			isa = XCConfigurationList;
			buildConfigurations = (
				9CBD0F4C2810E60200DE3696 /* Debug */,
				9CBD0F4D2810E60200DE3696 /* Release */,
			);
			defaultConfigurationIsVisible = 0;
			defaultConfigurationName = Release;
		};
/* End XCConfigurationList section */
	};
	rootObject = 9CBD0F352810E60000DE3696 /* Project object */;
}
